
Microsoft Visual Studio Solution File, Format Version 12.00
# Visual Studio Version 17
VisualStudioVersion = 17.5.002.0
MinimumVisualStudioVersion = 10.0.40219.1
Project("{2150E333-8FDC-42A3-9474-1A3956D46DE8}") = "Lesson1", "Lesson1", "{96E68BDC-2581-4060-A8E7-375F9F15B2E0}"
EndProject
Project("{9A19103F-16F7-4668-BE54-9A1E7A4F7556}") = "HTask1", "Lesson1\HTask1\HTask1.csproj", "{C25BDEF9-3478-430E-B34B-5BAB5B1E1E4D}"
EndProject
Project("{9A19103F-16F7-4668-BE54-9A1E7A4F7556}") = "Task1", "Lesson1\Task1\Task1.csproj", "{EB0138E6-439D-4B5D-A160-CB7941BA6475}"
EndProject
Project("{9A19103F-16F7-4668-BE54-9A1E7A4F7556}") = "Task2", "Lesson1\Task2\Task2.csproj", "{A5034448-88E2-4948-BE27-4AAD7AD37866}"
EndProject
Project("{9A19103F-16F7-4668-BE54-9A1E7A4F7556}") = "Task3", "Lesson1\Task3\Task3.csproj", "{65D594D9-B606-4193-9302-D962B19F44E9}"
EndProject
Project("{9A19103F-16F7-4668-BE54-9A1E7A4F7556}") = "Task4", "Lesson1\Task4\Task4.csproj", "{6547E91A-099E-452F-B26C-1E0C622F83AA}"
EndProject
Project("{9A19103F-16F7-4668-BE54-9A1E7A4F7556}") = "Task5", "Lesson1\Task5\Task5.csproj", "{DDEDC81D-6BC7-4921-9790-E52EBC5D9B70}"
EndProject
Project("{2150E333-8FDC-42A3-9474-1A3956D46DE8}") = "Lesson2", "Lesson2", "{B7BF7789-A060-46C7-ADEB-19835FC5B9D4}"
EndProject
Project("{9A19103F-16F7-4668-BE54-9A1E7A4F7556}") = "Task1", "Lesson2\Task1\Task1.csproj", "{A5C6BD6E-2C12-4598-9F68-C8FEB9E8D9CC}"
EndProject
Project("{9A19103F-16F7-4668-BE54-9A1E7A4F7556}") = "Task2", "Lesson2\Task2\Task2.csproj", "{FEE94327-BBD7-408C-B77D-BF2B08E3CD7C}"
EndProject
Project("{9A19103F-16F7-4668-BE54-9A1E7A4F7556}") = "Task3", "Lesson2\Task3\Task3.csproj", "{CE76DCB7-6364-4F61-B3AC-B2962AF2CA45}"
EndProject
Project("{9A19103F-16F7-4668-BE54-9A1E7A4F7556}") = "Task4", "Lesson2\Task4\Task4.csproj", "{B13E7AAE-3813-41C2-A7B9-FF06B8CB000E}"
EndProject
Project("{2150E333-8FDC-42A3-9474-1A3956D46DE8}") = "Lesson3", "Lesson3", "{45F34AAB-474D-48D5-A824-591DAB80FDA2}"
EndProject
Project("{9A19103F-16F7-4668-BE54-9A1E7A4F7556}") = "Task1", "Lesson3\Task1\Task1.csproj", "{6980AE5E-626E-48DF-8BA8-C7B194F206DD}"
EndProject
Project("{9A19103F-16F7-4668-BE54-9A1E7A4F7556}") = "Task2", "Lesson3\Task2\Task2.csproj", "{E78966BD-1E86-4CB6-92B9-7A845B608B70}"
EndProject
Project("{9A19103F-16F7-4668-BE54-9A1E7A4F7556}") = "Task3", "Lesson3\Task3\Task3.csproj", "{B3C91431-8FA0-48A9-B780-EDD84ACCACCC}"
EndProject
Project("{2150E333-8FDC-42A3-9474-1A3956D46DE8}") = "Lesson4", "Lesson4", "{8C6DC48D-CF58-426C-81A2-09F070CCFB74}"
EndProject
Project("{9A19103F-16F7-4668-BE54-9A1E7A4F7556}") = "Task1", "Lesson4\Task1\Task1.csproj", "{DFA4211F-D42C-44F8-B690-E3FDA32356EE}"
EndProject
Project("{9A19103F-16F7-4668-BE54-9A1E7A4F7556}") = "Task2", "Lesson4\Task2\Task2.csproj", "{AA2ECBFC-2CAD-447D-9390-41C2B1EA87E3}"
EndProject
Project("{9A19103F-16F7-4668-BE54-9A1E7A4F7556}") = "Task3", "Lesson4\Task3\Task3.csproj", "{B5ABDF65-FD8F-407D-A66E-97355FAE2D6B}"
EndProject
Project("{2150E333-8FDC-42A3-9474-1A3956D46DE8}") = "Lesson4_2", "Lesson4_2", "{DE36C9B7-598E-45A8-AF05-B61639D1D844}"
EndProject
Project("{9A19103F-16F7-4668-BE54-9A1E7A4F7556}") = "Task1", "Lesson4_2\Task1\Task1.csproj", "{52972044-5321-4193-B7B7-441528FA2B33}"
EndProject
Project("{2150E333-8FDC-42A3-9474-1A3956D46DE8}") = "Lesson5", "Lesson5", "{6E92BD00-BB12-45C9-878C-9EDD9B457406}"
EndProject
Project("{9A19103F-16F7-4668-BE54-9A1E7A4F7556}") = "Task1", "Lesson5\Task1\Task1.csproj", "{D0B0E071-A0EE-4EFC-B193-4B9975439F8F}"
EndProject
Project("{2150E333-8FDC-42A3-9474-1A3956D46DE8}") = "Lesson_1M", "Lesson_1M", "{900C7A3F-FCC0-4914-929E-244368C21EA9}"
EndProject
Project("{9A19103F-16F7-4668-BE54-9A1E7A4F7556}") = "Task1", "Lesson_1M\Task1\Task1.csproj", "{625C2298-2DFC-4CFA-9A74-00C5E0F7BDE8}"
EndProject
Project("{9A19103F-16F7-4668-BE54-9A1E7A4F7556}") = "Task2", "Lesson_1M\Task2\Task2.csproj", "{26D03DF3-7045-4D2C-AA9A-57FEDB20A15B}"
EndProject
Project("{9A19103F-16F7-4668-BE54-9A1E7A4F7556}") = "Task3", "Lesson_1M\Task3\Task3.csproj", "{06B5DF2C-AC8B-4C59-9A92-E15E67BA43B9}"
EndProject
Project("{2150E333-8FDC-42A3-9474-1A3956D46DE8}") = "Lesson_2M", "Lesson_2M", "{204C03F5-393E-4866-A2FC-029336F4B70F}"
EndProject
Project("{9A19103F-16F7-4668-BE54-9A1E7A4F7556}") = "HTask1", "Lesson_2M\HTask1\HTask1.csproj", "{DF1D2FA7-4F8E-4BB9-BAB7-6723C2920A11}"
EndProject
Project("{9A19103F-16F7-4668-BE54-9A1E7A4F7556}") = "HTask2", "Lesson_2M\HTask2\HTask2.csproj", "{423BB310-60B1-48E8-9237-38958797885E}"
EndProject
Project("{9A19103F-16F7-4668-BE54-9A1E7A4F7556}") = "HTask3", "Lesson_2M\HTask3\HTask3.csproj", "{D3B76E06-2D89-4F8B-A5BF-8FAF643F7859}"
EndProject
Project("{9A19103F-16F7-4668-BE54-9A1E7A4F7556}") = "HTask4", "Lesson_2M\HTask4\HTask4.csproj", "{2014287C-7B46-4366-BE37-036D44051C1D}"
EndProject
Project("{9A19103F-16F7-4668-BE54-9A1E7A4F7556}") = "Task1", "Lesson_2M\Task1\Task1.csproj", "{37947077-65C2-4D45-B553-BCFC1B6C2805}"
EndProject
Project("{9A19103F-16F7-4668-BE54-9A1E7A4F7556}") = "Task2", "Lesson_2M\Task2\Task2.csproj", "{5EB6A7A1-23BE-4948-A4E1-192A75479CD0}"
EndProject
Project("{9A19103F-16F7-4668-BE54-9A1E7A4F7556}") = "Task3", "Lesson_2M\Task3\Task3.csproj", "{997C02C2-2D64-4FC5-AA68-C15449691E4D}"
EndProject
Project("{9A19103F-16F7-4668-BE54-9A1E7A4F7556}") = "Task4", "Lesson_2M\Task4\Task4.csproj", "{A2DFF963-E347-419E-8CEF-5C753D7A02CE}"
EndProject
Project("{2150E333-8FDC-42A3-9474-1A3956D46DE8}") = "Lesson_3M", "Lesson_3M", "{83472D22-5C9F-4066-8BA7-97053A5994D5}"
EndProject
Project("{9A19103F-16F7-4668-BE54-9A1E7A4F7556}") = "Task1", "Lesson_3M\Task1\Task1.csproj", "{DCD70B9C-01C4-4F85-A830-C3C51278688D}"
EndProject
Project("{9A19103F-16F7-4668-BE54-9A1E7A4F7556}") = "Task2", "Lesson_3M\Task2\Task2.csproj", "{BAE2D5CF-9BF4-45CE-80A6-9E68C33A8966}"
EndProject
Project("{9A19103F-16F7-4668-BE54-9A1E7A4F7556}") = "Task3", "Lesson_3M\Task3\Task3.csproj", "{A8E03F9E-768F-4CDA-B0BE-34B59B41B493}"
EndProject
Project("{2150E333-8FDC-42A3-9474-1A3956D46DE8}") = "Lesson_4M", "Lesson_4M", "{3AADEAC4-7A7C-450D-A684-02D51B27F86F}"
EndProject
Project("{9A19103F-16F7-4668-BE54-9A1E7A4F7556}") = "Task1", "Lesson_4M\Task1\Task1.csproj", "{3A811119-0978-4C25-A315-E9139BF75A58}"
EndProject
Project("{9A19103F-16F7-4668-BE54-9A1E7A4F7556}") = "Task1_Home", "Lesson_4M\Task1_Home\Task1_Home.csproj", "{F2BB5B07-653F-43BC-BEAA-6C6C273C223D}"
EndProject
Project("{9A19103F-16F7-4668-BE54-9A1E7A4F7556}") = "Task2", "Lesson_4M\Task2\Task2.csproj", "{8CF1539D-FD77-4DCC-86E6-AFA6AB5F6D65}"
EndProject
Project("{9A19103F-16F7-4668-BE54-9A1E7A4F7556}") = "Task2_Houme", "Lesson_4M\Task2_Houme\Task2_Houme.csproj", "{107B0A8B-B0D1-4844-B7AB-8516F85096CB}"
EndProject
Project("{9A19103F-16F7-4668-BE54-9A1E7A4F7556}") = "Task3", "Lesson_4M\Task3\Task3.csproj", "{14F74E0A-1B9D-47B8-9A52-D2AA30069494}"
EndProject
Project("{9A19103F-16F7-4668-BE54-9A1E7A4F7556}") = "Task3_Houme", "Lesson_4M\Task3_Houme\Task3_Houme.csproj", "{95C9CF7F-9930-4DEA-9BE6-54DDFAC20DA0}"
EndProject
Global
	GlobalSection(SolutionConfigurationPlatforms) = preSolution
		Debug|Any CPU = Debug|Any CPU
		Release|Any CPU = Release|Any CPU
	EndGlobalSection
	GlobalSection(ProjectConfigurationPlatforms) = postSolution
		{C25BDEF9-3478-430E-B34B-5BAB5B1E1E4D}.Debug|Any CPU.ActiveCfg = Debug|Any CPU
		{C25BDEF9-3478-430E-B34B-5BAB5B1E1E4D}.Debug|Any CPU.Build.0 = Debug|Any CPU
		{C25BDEF9-3478-430E-B34B-5BAB5B1E1E4D}.Release|Any CPU.ActiveCfg = Release|Any CPU
		{C25BDEF9-3478-430E-B34B-5BAB5B1E1E4D}.Release|Any CPU.Build.0 = Release|Any CPU
		{EB0138E6-439D-4B5D-A160-CB7941BA6475}.Debug|Any CPU.ActiveCfg = Debug|Any CPU
		{EB0138E6-439D-4B5D-A160-CB7941BA6475}.Debug|Any CPU.Build.0 = Debug|Any CPU
		{EB0138E6-439D-4B5D-A160-CB7941BA6475}.Release|Any CPU.ActiveCfg = Release|Any CPU
		{EB0138E6-439D-4B5D-A160-CB7941BA6475}.Release|Any CPU.Build.0 = Release|Any CPU
		{A5034448-88E2-4948-BE27-4AAD7AD37866}.Debug|Any CPU.ActiveCfg = Debug|Any CPU
		{A5034448-88E2-4948-BE27-4AAD7AD37866}.Debug|Any CPU.Build.0 = Debug|Any CPU
		{A5034448-88E2-4948-BE27-4AAD7AD37866}.Release|Any CPU.ActiveCfg = Release|Any CPU
		{A5034448-88E2-4948-BE27-4AAD7AD37866}.Release|Any CPU.Build.0 = Release|Any CPU
		{65D594D9-B606-4193-9302-D962B19F44E9}.Debug|Any CPU.ActiveCfg = Debug|Any CPU
		{65D594D9-B606-4193-9302-D962B19F44E9}.Debug|Any CPU.Build.0 = Debug|Any CPU
		{65D594D9-B606-4193-9302-D962B19F44E9}.Release|Any CPU.ActiveCfg = Release|Any CPU
		{65D594D9-B606-4193-9302-D962B19F44E9}.Release|Any CPU.Build.0 = Release|Any CPU
		{6547E91A-099E-452F-B26C-1E0C622F83AA}.Debug|Any CPU.ActiveCfg = Debug|Any CPU
		{6547E91A-099E-452F-B26C-1E0C622F83AA}.Debug|Any CPU.Build.0 = Debug|Any CPU
		{6547E91A-099E-452F-B26C-1E0C622F83AA}.Release|Any CPU.ActiveCfg = Release|Any CPU
		{6547E91A-099E-452F-B26C-1E0C622F83AA}.Release|Any CPU.Build.0 = Release|Any CPU
		{DDEDC81D-6BC7-4921-9790-E52EBC5D9B70}.Debug|Any CPU.ActiveCfg = Debug|Any CPU
		{DDEDC81D-6BC7-4921-9790-E52EBC5D9B70}.Debug|Any CPU.Build.0 = Debug|Any CPU
		{DDEDC81D-6BC7-4921-9790-E52EBC5D9B70}.Release|Any CPU.ActiveCfg = Release|Any CPU
		{DDEDC81D-6BC7-4921-9790-E52EBC5D9B70}.Release|Any CPU.Build.0 = Release|Any CPU
		{A5C6BD6E-2C12-4598-9F68-C8FEB9E8D9CC}.Debug|Any CPU.ActiveCfg = Debug|Any CPU
		{A5C6BD6E-2C12-4598-9F68-C8FEB9E8D9CC}.Debug|Any CPU.Build.0 = Debug|Any CPU
		{A5C6BD6E-2C12-4598-9F68-C8FEB9E8D9CC}.Release|Any CPU.ActiveCfg = Release|Any CPU
		{A5C6BD6E-2C12-4598-9F68-C8FEB9E8D9CC}.Release|Any CPU.Build.0 = Release|Any CPU
		{FEE94327-BBD7-408C-B77D-BF2B08E3CD7C}.Debug|Any CPU.ActiveCfg = Debug|Any CPU
		{FEE94327-BBD7-408C-B77D-BF2B08E3CD7C}.Debug|Any CPU.Build.0 = Debug|Any CPU
		{FEE94327-BBD7-408C-B77D-BF2B08E3CD7C}.Release|Any CPU.ActiveCfg = Release|Any CPU
		{FEE94327-BBD7-408C-B77D-BF2B08E3CD7C}.Release|Any CPU.Build.0 = Release|Any CPU
		{CE76DCB7-6364-4F61-B3AC-B2962AF2CA45}.Debug|Any CPU.ActiveCfg = Debug|Any CPU
		{CE76DCB7-6364-4F61-B3AC-B2962AF2CA45}.Debug|Any CPU.Build.0 = Debug|Any CPU
		{CE76DCB7-6364-4F61-B3AC-B2962AF2CA45}.Release|Any CPU.ActiveCfg = Release|Any CPU
		{CE76DCB7-6364-4F61-B3AC-B2962AF2CA45}.Release|Any CPU.Build.0 = Release|Any CPU
		{B13E7AAE-3813-41C2-A7B9-FF06B8CB000E}.Debug|Any CPU.ActiveCfg = Debug|Any CPU
		{B13E7AAE-3813-41C2-A7B9-FF06B8CB000E}.Debug|Any CPU.Build.0 = Debug|Any CPU
		{B13E7AAE-3813-41C2-A7B9-FF06B8CB000E}.Release|Any CPU.ActiveCfg = Release|Any CPU
		{B13E7AAE-3813-41C2-A7B9-FF06B8CB000E}.Release|Any CPU.Build.0 = Release|Any CPU
		{6980AE5E-626E-48DF-8BA8-C7B194F206DD}.Debug|Any CPU.ActiveCfg = Debug|Any CPU
		{6980AE5E-626E-48DF-8BA8-C7B194F206DD}.Debug|Any CPU.Build.0 = Debug|Any CPU
		{6980AE5E-626E-48DF-8BA8-C7B194F206DD}.Release|Any CPU.ActiveCfg = Release|Any CPU
		{6980AE5E-626E-48DF-8BA8-C7B194F206DD}.Release|Any CPU.Build.0 = Release|Any CPU
		{E78966BD-1E86-4CB6-92B9-7A845B608B70}.Debug|Any CPU.ActiveCfg = Debug|Any CPU
		{E78966BD-1E86-4CB6-92B9-7A845B608B70}.Debug|Any CPU.Build.0 = Debug|Any CPU
		{E78966BD-1E86-4CB6-92B9-7A845B608B70}.Release|Any CPU.ActiveCfg = Release|Any CPU
		{E78966BD-1E86-4CB6-92B9-7A845B608B70}.Release|Any CPU.Build.0 = Release|Any CPU
		{B3C91431-8FA0-48A9-B780-EDD84ACCACCC}.Debug|Any CPU.ActiveCfg = Debug|Any CPU
		{B3C91431-8FA0-48A9-B780-EDD84ACCACCC}.Debug|Any CPU.Build.0 = Debug|Any CPU
		{B3C91431-8FA0-48A9-B780-EDD84ACCACCC}.Release|Any CPU.ActiveCfg = Release|Any CPU
		{B3C91431-8FA0-48A9-B780-EDD84ACCACCC}.Release|Any CPU.Build.0 = Release|Any CPU
		{DFA4211F-D42C-44F8-B690-E3FDA32356EE}.Debug|Any CPU.ActiveCfg = Debug|Any CPU
		{DFA4211F-D42C-44F8-B690-E3FDA32356EE}.Debug|Any CPU.Build.0 = Debug|Any CPU
		{DFA4211F-D42C-44F8-B690-E3FDA32356EE}.Release|Any CPU.ActiveCfg = Release|Any CPU
		{DFA4211F-D42C-44F8-B690-E3FDA32356EE}.Release|Any CPU.Build.0 = Release|Any CPU
		{AA2ECBFC-2CAD-447D-9390-41C2B1EA87E3}.Debug|Any CPU.ActiveCfg = Debug|Any CPU
		{AA2ECBFC-2CAD-447D-9390-41C2B1EA87E3}.Debug|Any CPU.Build.0 = Debug|Any CPU
		{AA2ECBFC-2CAD-447D-9390-41C2B1EA87E3}.Release|Any CPU.ActiveCfg = Release|Any CPU
		{AA2ECBFC-2CAD-447D-9390-41C2B1EA87E3}.Release|Any CPU.Build.0 = Release|Any CPU
		{B5ABDF65-FD8F-407D-A66E-97355FAE2D6B}.Debug|Any CPU.ActiveCfg = Debug|Any CPU
		{B5ABDF65-FD8F-407D-A66E-97355FAE2D6B}.Debug|Any CPU.Build.0 = Debug|Any CPU
		{B5ABDF65-FD8F-407D-A66E-97355FAE2D6B}.Release|Any CPU.ActiveCfg = Release|Any CPU
		{B5ABDF65-FD8F-407D-A66E-97355FAE2D6B}.Release|Any CPU.Build.0 = Release|Any CPU
		{52972044-5321-4193-B7B7-441528FA2B33}.Debug|Any CPU.ActiveCfg = Debug|Any CPU
		{52972044-5321-4193-B7B7-441528FA2B33}.Debug|Any CPU.Build.0 = Debug|Any CPU
		{52972044-5321-4193-B7B7-441528FA2B33}.Release|Any CPU.ActiveCfg = Release|Any CPU
		{52972044-5321-4193-B7B7-441528FA2B33}.Release|Any CPU.Build.0 = Release|Any CPU
		{D0B0E071-A0EE-4EFC-B193-4B9975439F8F}.Debug|Any CPU.ActiveCfg = Debug|Any CPU
		{D0B0E071-A0EE-4EFC-B193-4B9975439F8F}.Debug|Any CPU.Build.0 = Debug|Any CPU
		{D0B0E071-A0EE-4EFC-B193-4B9975439F8F}.Release|Any CPU.ActiveCfg = Release|Any CPU
		{D0B0E071-A0EE-4EFC-B193-4B9975439F8F}.Release|Any CPU.Build.0 = Release|Any CPU
		{625C2298-2DFC-4CFA-9A74-00C5E0F7BDE8}.Debug|Any CPU.ActiveCfg = Debug|Any CPU
		{625C2298-2DFC-4CFA-9A74-00C5E0F7BDE8}.Debug|Any CPU.Build.0 = Debug|Any CPU
		{625C2298-2DFC-4CFA-9A74-00C5E0F7BDE8}.Release|Any CPU.ActiveCfg = Release|Any CPU
		{625C2298-2DFC-4CFA-9A74-00C5E0F7BDE8}.Release|Any CPU.Build.0 = Release|Any CPU
		{26D03DF3-7045-4D2C-AA9A-57FEDB20A15B}.Debug|Any CPU.ActiveCfg = Debug|Any CPU
		{26D03DF3-7045-4D2C-AA9A-57FEDB20A15B}.Debug|Any CPU.Build.0 = Debug|Any CPU
		{26D03DF3-7045-4D2C-AA9A-57FEDB20A15B}.Release|Any CPU.ActiveCfg = Release|Any CPU
		{26D03DF3-7045-4D2C-AA9A-57FEDB20A15B}.Release|Any CPU.Build.0 = Release|Any CPU
		{06B5DF2C-AC8B-4C59-9A92-E15E67BA43B9}.Debug|Any CPU.ActiveCfg = Debug|Any CPU
		{06B5DF2C-AC8B-4C59-9A92-E15E67BA43B9}.Debug|Any CPU.Build.0 = Debug|Any CPU
		{06B5DF2C-AC8B-4C59-9A92-E15E67BA43B9}.Release|Any CPU.ActiveCfg = Release|Any CPU
		{06B5DF2C-AC8B-4C59-9A92-E15E67BA43B9}.Release|Any CPU.Build.0 = Release|Any CPU
		{DF1D2FA7-4F8E-4BB9-BAB7-6723C2920A11}.Debug|Any CPU.ActiveCfg = Debug|Any CPU
		{DF1D2FA7-4F8E-4BB9-BAB7-6723C2920A11}.Debug|Any CPU.Build.0 = Debug|Any CPU
		{DF1D2FA7-4F8E-4BB9-BAB7-6723C2920A11}.Release|Any CPU.ActiveCfg = Release|Any CPU
		{DF1D2FA7-4F8E-4BB9-BAB7-6723C2920A11}.Release|Any CPU.Build.0 = Release|Any CPU
		{423BB310-60B1-48E8-9237-38958797885E}.Debug|Any CPU.ActiveCfg = Debug|Any CPU
		{423BB310-60B1-48E8-9237-38958797885E}.Debug|Any CPU.Build.0 = Debug|Any CPU
		{423BB310-60B1-48E8-9237-38958797885E}.Release|Any CPU.ActiveCfg = Release|Any CPU
		{423BB310-60B1-48E8-9237-38958797885E}.Release|Any CPU.Build.0 = Release|Any CPU
		{D3B76E06-2D89-4F8B-A5BF-8FAF643F7859}.Debug|Any CPU.ActiveCfg = Debug|Any CPU
		{D3B76E06-2D89-4F8B-A5BF-8FAF643F7859}.Debug|Any CPU.Build.0 = Debug|Any CPU
		{D3B76E06-2D89-4F8B-A5BF-8FAF643F7859}.Release|Any CPU.ActiveCfg = Release|Any CPU
		{D3B76E06-2D89-4F8B-A5BF-8FAF643F7859}.Release|Any CPU.Build.0 = Release|Any CPU
		{2014287C-7B46-4366-BE37-036D44051C1D}.Debug|Any CPU.ActiveCfg = Debug|Any CPU
		{2014287C-7B46-4366-BE37-036D44051C1D}.Debug|Any CPU.Build.0 = Debug|Any CPU
		{2014287C-7B46-4366-BE37-036D44051C1D}.Release|Any CPU.ActiveCfg = Release|Any CPU
		{2014287C-7B46-4366-BE37-036D44051C1D}.Release|Any CPU.Build.0 = Release|Any CPU
		{37947077-65C2-4D45-B553-BCFC1B6C2805}.Debug|Any CPU.ActiveCfg = Debug|Any CPU
		{37947077-65C2-4D45-B553-BCFC1B6C2805}.Debug|Any CPU.Build.0 = Debug|Any CPU
		{37947077-65C2-4D45-B553-BCFC1B6C2805}.Release|Any CPU.ActiveCfg = Release|Any CPU
		{37947077-65C2-4D45-B553-BCFC1B6C2805}.Release|Any CPU.Build.0 = Release|Any CPU
		{5EB6A7A1-23BE-4948-A4E1-192A75479CD0}.Debug|Any CPU.ActiveCfg = Debug|Any CPU
		{5EB6A7A1-23BE-4948-A4E1-192A75479CD0}.Debug|Any CPU.Build.0 = Debug|Any CPU
		{5EB6A7A1-23BE-4948-A4E1-192A75479CD0}.Release|Any CPU.ActiveCfg = Release|Any CPU
		{5EB6A7A1-23BE-4948-A4E1-192A75479CD0}.Release|Any CPU.Build.0 = Release|Any CPU
		{997C02C2-2D64-4FC5-AA68-C15449691E4D}.Debug|Any CPU.ActiveCfg = Debug|Any CPU
		{997C02C2-2D64-4FC5-AA68-C15449691E4D}.Debug|Any CPU.Build.0 = Debug|Any CPU
		{997C02C2-2D64-4FC5-AA68-C15449691E4D}.Release|Any CPU.ActiveCfg = Release|Any CPU
		{997C02C2-2D64-4FC5-AA68-C15449691E4D}.Release|Any CPU.Build.0 = Release|Any CPU
		{A2DFF963-E347-419E-8CEF-5C753D7A02CE}.Debug|Any CPU.ActiveCfg = Debug|Any CPU
		{A2DFF963-E347-419E-8CEF-5C753D7A02CE}.Debug|Any CPU.Build.0 = Debug|Any CPU
		{A2DFF963-E347-419E-8CEF-5C753D7A02CE}.Release|Any CPU.ActiveCfg = Release|Any CPU
		{A2DFF963-E347-419E-8CEF-5C753D7A02CE}.Release|Any CPU.Build.0 = Release|Any CPU
		{DCD70B9C-01C4-4F85-A830-C3C51278688D}.Debug|Any CPU.ActiveCfg = Debug|Any CPU
		{DCD70B9C-01C4-4F85-A830-C3C51278688D}.Debug|Any CPU.Build.0 = Debug|Any CPU
		{DCD70B9C-01C4-4F85-A830-C3C51278688D}.Release|Any CPU.ActiveCfg = Release|Any CPU
		{DCD70B9C-01C4-4F85-A830-C3C51278688D}.Release|Any CPU.Build.0 = Release|Any CPU
		{BAE2D5CF-9BF4-45CE-80A6-9E68C33A8966}.Debug|Any CPU.ActiveCfg = Debug|Any CPU
		{BAE2D5CF-9BF4-45CE-80A6-9E68C33A8966}.Debug|Any CPU.Build.0 = Debug|Any CPU
		{BAE2D5CF-9BF4-45CE-80A6-9E68C33A8966}.Release|Any CPU.ActiveCfg = Release|Any CPU
		{BAE2D5CF-9BF4-45CE-80A6-9E68C33A8966}.Release|Any CPU.Build.0 = Release|Any CPU
		{A8E03F9E-768F-4CDA-B0BE-34B59B41B493}.Debug|Any CPU.ActiveCfg = Debug|Any CPU
		{A8E03F9E-768F-4CDA-B0BE-34B59B41B493}.Debug|Any CPU.Build.0 = Debug|Any CPU
		{A8E03F9E-768F-4CDA-B0BE-34B59B41B493}.Release|Any CPU.ActiveCfg = Release|Any CPU
		{A8E03F9E-768F-4CDA-B0BE-34B59B41B493}.Release|Any CPU.Build.0 = Release|Any CPU
		{3A811119-0978-4C25-A315-E9139BF75A58}.Debug|Any CPU.ActiveCfg = Debug|Any CPU
		{3A811119-0978-4C25-A315-E9139BF75A58}.Debug|Any CPU.Build.0 = Debug|Any CPU
		{3A811119-0978-4C25-A315-E9139BF75A58}.Release|Any CPU.ActiveCfg = Release|Any CPU
		{3A811119-0978-4C25-A315-E9139BF75A58}.Release|Any CPU.Build.0 = Release|Any CPU
		{F2BB5B07-653F-43BC-BEAA-6C6C273C223D}.Debug|Any CPU.ActiveCfg = Debug|Any CPU
		{F2BB5B07-653F-43BC-BEAA-6C6C273C223D}.Debug|Any CPU.Build.0 = Debug|Any CPU
		{F2BB5B07-653F-43BC-BEAA-6C6C273C223D}.Release|Any CPU.ActiveCfg = Release|Any CPU
		{F2BB5B07-653F-43BC-BEAA-6C6C273C223D}.Release|Any CPU.Build.0 = Release|Any CPU
		{8CF1539D-FD77-4DCC-86E6-AFA6AB5F6D65}.Debug|Any CPU.ActiveCfg = Debug|Any CPU
		{8CF1539D-FD77-4DCC-86E6-AFA6AB5F6D65}.Debug|Any CPU.Build.0 = Debug|Any CPU
		{8CF1539D-FD77-4DCC-86E6-AFA6AB5F6D65}.Release|Any CPU.ActiveCfg = Release|Any CPU
		{8CF1539D-FD77-4DCC-86E6-AFA6AB5F6D65}.Release|Any CPU.Build.0 = Release|Any CPU
		{107B0A8B-B0D1-4844-B7AB-8516F85096CB}.Debug|Any CPU.ActiveCfg = Debug|Any CPU
		{107B0A8B-B0D1-4844-B7AB-8516F85096CB}.Debug|Any CPU.Build.0 = Debug|Any CPU
		{107B0A8B-B0D1-4844-B7AB-8516F85096CB}.Release|Any CPU.ActiveCfg = Release|Any CPU
		{107B0A8B-B0D1-4844-B7AB-8516F85096CB}.Release|Any CPU.Build.0 = Release|Any CPU
		{14F74E0A-1B9D-47B8-9A52-D2AA30069494}.Debug|Any CPU.ActiveCfg = Debug|Any CPU
		{14F74E0A-1B9D-47B8-9A52-D2AA30069494}.Debug|Any CPU.Build.0 = Debug|Any CPU
		{14F74E0A-1B9D-47B8-9A52-D2AA30069494}.Release|Any CPU.ActiveCfg = Release|Any CPU
		{14F74E0A-1B9D-47B8-9A52-D2AA30069494}.Release|Any CPU.Build.0 = Release|Any CPU
		{95C9CF7F-9930-4DEA-9BE6-54DDFAC20DA0}.Debug|Any CPU.ActiveCfg = Debug|Any CPU
		{95C9CF7F-9930-4DEA-9BE6-54DDFAC20DA0}.Debug|Any CPU.Build.0 = Debug|Any CPU
		{95C9CF7F-9930-4DEA-9BE6-54DDFAC20DA0}.Release|Any CPU.ActiveCfg = Release|Any CPU
		{95C9CF7F-9930-4DEA-9BE6-54DDFAC20DA0}.Release|Any CPU.Build.0 = Release|Any CPU
	EndGlobalSection
	GlobalSection(SolutionProperties) = preSolution
		HideSolutionNode = FALSE
	EndGlobalSection
	GlobalSection(NestedProjects) = preSolution
		{C25BDEF9-3478-430E-B34B-5BAB5B1E1E4D} = {96E68BDC-2581-4060-A8E7-375F9F15B2E0}
		{EB0138E6-439D-4B5D-A160-CB7941BA6475} = {96E68BDC-2581-4060-A8E7-375F9F15B2E0}
		{A5034448-88E2-4948-BE27-4AAD7AD37866} = {96E68BDC-2581-4060-A8E7-375F9F15B2E0}
		{65D594D9-B606-4193-9302-D962B19F44E9} = {96E68BDC-2581-4060-A8E7-375F9F15B2E0}
		{6547E91A-099E-452F-B26C-1E0C622F83AA} = {96E68BDC-2581-4060-A8E7-375F9F15B2E0}
		{DDEDC81D-6BC7-4921-9790-E52EBC5D9B70} = {96E68BDC-2581-4060-A8E7-375F9F15B2E0}
		{A5C6BD6E-2C12-4598-9F68-C8FEB9E8D9CC} = {B7BF7789-A060-46C7-ADEB-19835FC5B9D4}
		{FEE94327-BBD7-408C-B77D-BF2B08E3CD7C} = {B7BF7789-A060-46C7-ADEB-19835FC5B9D4}
		{CE76DCB7-6364-4F61-B3AC-B2962AF2CA45} = {B7BF7789-A060-46C7-ADEB-19835FC5B9D4}
		{B13E7AAE-3813-41C2-A7B9-FF06B8CB000E} = {B7BF7789-A060-46C7-ADEB-19835FC5B9D4}
		{6980AE5E-626E-48DF-8BA8-C7B194F206DD} = {45F34AAB-474D-48D5-A824-591DAB80FDA2}
		{E78966BD-1E86-4CB6-92B9-7A845B608B70} = {45F34AAB-474D-48D5-A824-591DAB80FDA2}
		{B3C91431-8FA0-48A9-B780-EDD84ACCACCC} = {45F34AAB-474D-48D5-A824-591DAB80FDA2}
		{DFA4211F-D42C-44F8-B690-E3FDA32356EE} = {8C6DC48D-CF58-426C-81A2-09F070CCFB74}
		{AA2ECBFC-2CAD-447D-9390-41C2B1EA87E3} = {8C6DC48D-CF58-426C-81A2-09F070CCFB74}
		{B5ABDF65-FD8F-407D-A66E-97355FAE2D6B} = {8C6DC48D-CF58-426C-81A2-09F070CCFB74}
		{52972044-5321-4193-B7B7-441528FA2B33} = {DE36C9B7-598E-45A8-AF05-B61639D1D844}
		{D0B0E071-A0EE-4EFC-B193-4B9975439F8F} = {6E92BD00-BB12-45C9-878C-9EDD9B457406}
		{625C2298-2DFC-4CFA-9A74-00C5E0F7BDE8} = {900C7A3F-FCC0-4914-929E-244368C21EA9}
		{26D03DF3-7045-4D2C-AA9A-57FEDB20A15B} = {900C7A3F-FCC0-4914-929E-244368C21EA9}
		{06B5DF2C-AC8B-4C59-9A92-E15E67BA43B9} = {900C7A3F-FCC0-4914-929E-244368C21EA9}
		{DF1D2FA7-4F8E-4BB9-BAB7-6723C2920A11} = {204C03F5-393E-4866-A2FC-029336F4B70F}
		{423BB310-60B1-48E8-9237-38958797885E} = {204C03F5-393E-4866-A2FC-029336F4B70F}
		{D3B76E06-2D89-4F8B-A5BF-8FAF643F7859} = {204C03F5-393E-4866-A2FC-029336F4B70F}
		{2014287C-7B46-4366-BE37-036D44051C1D} = {204C03F5-393E-4866-A2FC-029336F4B70F}
		{37947077-65C2-4D45-B553-BCFC1B6C2805} = {204C03F5-393E-4866-A2FC-029336F4B70F}
		{5EB6A7A1-23BE-4948-A4E1-192A75479CD0} = {204C03F5-393E-4866-A2FC-029336F4B70F}
		{997C02C2-2D64-4FC5-AA68-C15449691E4D} = {204C03F5-393E-4866-A2FC-029336F4B70F}
		{A2DFF963-E347-419E-8CEF-5C753D7A02CE} = {204C03F5-393E-4866-A2FC-029336F4B70F}
		{DCD70B9C-01C4-4F85-A830-C3C51278688D} = {83472D22-5C9F-4066-8BA7-97053A5994D5}
		{BAE2D5CF-9BF4-45CE-80A6-9E68C33A8966} = {83472D22-5C9F-4066-8BA7-97053A5994D5}
		{A8E03F9E-768F-4CDA-B0BE-34B59B41B493} = {83472D22-5C9F-4066-8BA7-97053A5994D5}
		{3A811119-0978-4C25-A315-E9139BF75A58} = {3AADEAC4-7A7C-450D-A684-02D51B27F86F}
		{F2BB5B07-653F-43BC-BEAA-6C6C273C223D} = {3AADEAC4-7A7C-450D-A684-02D51B27F86F}
		{8CF1539D-FD77-4DCC-86E6-AFA6AB5F6D65} = {3AADEAC4-7A7C-450D-A684-02D51B27F86F}
		{107B0A8B-B0D1-4844-B7AB-8516F85096CB} = {3AADEAC4-7A7C-450D-A684-02D51B27F86F}
		{14F74E0A-1B9D-47B8-9A52-D2AA30069494} = {3AADEAC4-7A7C-450D-A684-02D51B27F86F}
		{95C9CF7F-9930-4DEA-9BE6-54DDFAC20DA0} = {3AADEAC4-7A7C-450D-A684-02D51B27F86F}
	EndGlobalSection
	GlobalSection(ExtensibilityGlobals) = postSolution
		SolutionGuid = {60CEFCA5-FC99-4BD1-9D0A-311DD991EE31}
	EndGlobalSection
EndGlobal
